
Microsoft Visual Studio Solution File, Format Version 12.00
# Visual Studio Version 16
VisualStudioVersion = 16.0.30621.155
MinimumVisualStudioVersion = 10.0.40219.1
Project("{FAE04EC0-301F-11D3-BF4B-00C04F79EFBC}") = "LuckyRoadDedicatedServer", "LuckyRoadDedicatedServer\LuckyRoadDedicatedServer.csproj", "{C5932C57-FF17-4E59-B0B0-6CF14BAD16B1}"
EndProject
Global
	GlobalSection(SolutionConfigurationPlatforms) = preSolution
		Debug|Any CPU = Debug|Any CPU
		Release|Any CPU = Release|Any CPU
	EndGlobalSection
	GlobalSection(ProjectConfigurationPlatforms) = postSolution
		{C5932C57-FF17-4E59-B0B0-6CF14BAD16B1}.Debug|Any CPU.ActiveCfg = Debug|Any CPU
		{C5932C57-FF17-4E59-B0B0-6CF14BAD16B1}.Debug|Any CPU.Build.0 = Debug|Any CPU
		{C5932C57-FF17-4E59-B0B0-6CF14BAD16B1}.Release|Any CPU.ActiveCfg = Release|Any CPU
		{C5932C57-FF17-4E59-B0B0-6CF14BAD16B1}.Release|Any CPU.Build.0 = Release|Any CPU
	EndGlobalSection
	GlobalSection(SolutionProperties) = preSolution
		HideSolutionNode = FALSE
	EndGlobalSection
	GlobalSection(ExtensibilityGlobals) = postSolution
		SolutionGuid = {BA953A5C-1313-4DE9-AB4D-2DD351756568}
	EndGlobalSection
EndGlobal
